
Microsoft Visual Studio Solution File, Format Version 12.00
# Visual Studio 2012
Project("{FAE04EC0-301F-11D3-BF4B-00C04F79EFBC}") = "XToggl", "XToggl\XToggl.csproj", "{DBCEA49C-1BCD-435C-8A2A-D63CC4639AF0}"
EndProject
Project("{FAE04EC0-301F-11D3-BF4B-00C04F79EFBC}") = "Android", "Droid\Android.csproj", "{46E94E19-B3B0-41D7-85C3-20CB2F832F1F}"
EndProject
Project("{FAE04EC0-301F-11D3-BF4B-00C04F79EFBC}") = "XToggl.UITests", "UITests\XToggl.UITests.csproj", "{8FAD1139-BF1A-42B3-8655-AA168C6B09F2}"
EndProject
Global
	GlobalSection(SolutionConfigurationPlatforms) = preSolution
		Debug|Any CPU = Debug|Any CPU
		Release|Any CPU = Release|Any CPU
	EndGlobalSection
	GlobalSection(ProjectConfigurationPlatforms) = postSolution
		{46E94E19-B3B0-41D7-85C3-20CB2F832F1F}.Debug|Any CPU.ActiveCfg = Debug|Any CPU
		{46E94E19-B3B0-41D7-85C3-20CB2F832F1F}.Debug|Any CPU.Build.0 = Debug|Any CPU
		{46E94E19-B3B0-41D7-85C3-20CB2F832F1F}.Release|Any CPU.ActiveCfg = Release|Any CPU
		{46E94E19-B3B0-41D7-85C3-20CB2F832F1F}.Release|Any CPU.Build.0 = Release|Any CPU
		{8FAD1139-BF1A-42B3-8655-AA168C6B09F2}.Debug|Any CPU.ActiveCfg = Debug|Any CPU
		{8FAD1139-BF1A-42B3-8655-AA168C6B09F2}.Debug|Any CPU.Build.0 = Debug|Any CPU
		{8FAD1139-BF1A-42B3-8655-AA168C6B09F2}.Release|Any CPU.ActiveCfg = Release|Any CPU
		{8FAD1139-BF1A-42B3-8655-AA168C6B09F2}.Release|Any CPU.Build.0 = Release|Any CPU
		{DBCEA49C-1BCD-435C-8A2A-D63CC4639AF0}.Debug|Any CPU.ActiveCfg = Debug|Any CPU
		{DBCEA49C-1BCD-435C-8A2A-D63CC4639AF0}.Debug|Any CPU.Build.0 = Debug|Any CPU
		{DBCEA49C-1BCD-435C-8A2A-D63CC4639AF0}.Release|Any CPU.ActiveCfg = Release|Any CPU
		{DBCEA49C-1BCD-435C-8A2A-D63CC4639AF0}.Release|Any CPU.Build.0 = Release|Any CPU
	EndGlobalSection
EndGlobal
